PODS:
  - YCNavigationBarSwift (0.1.0)

DEPENDENCIES:
  - YCNavigationBarSwift (from `../`)

EXTERNAL SOURCES:
  YCNavigationBarSwift:
    :path: "../"

SPEC CHECKSUMS:
  YCNavigationBarSwift: fc06068f47a4df71830717af715cf8ba92345ced

PODFILE CHECKSUM: dd8cb13474d3347a036b8a8b10b0ec2a7da5080e

COCOAPODS: 1.9.3
